
Microsoft Visual Studio Solution File, Format Version 12.00
# Visual Studio Version 17
VisualStudioVersion = 17.1.32421.90
MinimumVisualStudioVersion = 10.0.40219.1
Project("{FAE04EC0-301F-11D3-BF4B-00C04F79EFBC}") = "EmailHeaderService", "EmailHeaderService\EmailHeaderService.csproj", "{4E967023-D674-F303-597F-421FEE1A360F}"
EndProject
Global
	GlobalSection(SolutionConfigurationPlatforms) = preSolution
		Debug|Any CPU = Debug|Any CPU
		Release|Any CPU = Release|Any CPU
	EndGlobalSection
	GlobalSection(ProjectConfigurationPlatforms) = postSolution
		{4E967023-D674-F303-597F-421FEE1A360F}.Debug|Any CPU.ActiveCfg = Debug|Any CPU
		{4E967023-D674-F303-597F-421FEE1A360F}.Debug|Any CPU.Build.0 = Debug|Any CPU
		{4E967023-D674-F303-597F-421FEE1A360F}.Release|Any CPU.ActiveCfg = Release|Any CPU
		{4E967023-D674-F303-597F-421FEE1A360F}.Release|Any CPU.Build.0 = Release|Any CPU
	EndGlobalSection
	GlobalSection(SolutionProperties) = preSolution
		HideSolutionNode = FALSE
	EndGlobalSection
	GlobalSection(ExtensibilityGlobals) = postSolution
		SolutionGuid = {0B2382FC-7BCC-49A2-A31D-4C1F282E62EA}
	EndGlobalSection
EndGlobal
