
Microsoft Visual Studio Solution File, Format Version 12.00
# Visual Studio 15
VisualStudioVersion = 15.0.26228.4
MinimumVisualStudioVersion = 10.0.40219.1
Project("{E24C65DC-7377-472B-9ABA-BC803B73C61A}") = "mha", ".", "{B049C8B4-3177-44CF-89DF-C9A30FA0EE2B}"
	ProjectSection(WebsiteProperties) = preProject
		TargetFrameworkMoniker = ".NETFramework,Version%3Dv4.0"
		Debug.AspNetCompiler.VirtualPath = "/localhost_13502"
		Debug.AspNetCompiler.PhysicalPath = "..\mha\"
		Debug.AspNetCompiler.TargetPath = "PrecompiledWeb\localhost_13502\"
		Debug.AspNetCompiler.Updateable = "true"
		Debug.AspNetCompiler.ForceOverwrite = "true"
		Debug.AspNetCompiler.FixedNames = "false"
		Debug.AspNetCompiler.Debug = "True"
		Release.AspNetCompiler.VirtualPath = "/localhost_13502"
		Release.AspNetCompiler.PhysicalPath = "..\mha\"
		Release.AspNetCompiler.TargetPath = "PrecompiledWeb\localhost_13502\"
		Release.AspNetCompiler.Updateable = "true"
		Release.AspNetCompiler.ForceOverwrite = "true"
		Release.AspNetCompiler.FixedNames = "false"
		Release.AspNetCompiler.Debug = "False"
		VWDPort = "13502"
		SlnRelativePath = "..\mha\"
	EndProjectSection
EndProject
Global
	GlobalSection(SolutionConfigurationPlatforms) = preSolution
		Debug|Any CPU = Debug|Any CPU
	EndGlobalSection
	GlobalSection(ProjectConfigurationPlatforms) = postSolution
		{B049C8B4-3177-44CF-89DF-C9A30FA0EE2B}.Debug|Any CPU.ActiveCfg = Debug|Any CPU
		{B049C8B4-3177-44CF-89DF-C9A30FA0EE2B}.Debug|Any CPU.Build.0 = Debug|Any CPU
	EndGlobalSection
	GlobalSection(SolutionProperties) = preSolution
		HideSolutionNode = FALSE
	EndGlobalSection
EndGlobal
