{
  "name": "mha",
  "version": "1.0.0",
  "lockfileVersion": 1,
  "requires": true,
  "dependencies": {
    "@microsoft/applicationinsights-analytics-js": {
      "version": "2.5.8",
      "resolved": "https://registry.npmjs.org/@microsoft/applicationinsights-analytics-js/-/applicationinsights-analytics-js-2.5.8.tgz",
      "integrity": "sha512-2RsftiXa5ojNXuHRIC7RybWbN+Z7TMrLK2XGTza1Wq/KHRJNB48WmQuxjd6SzsNguqxRoHsH0sUogIwlK+NO8A==",
      "requires": {
        "@microsoft/applicationinsights-common": "2.5.8",
        "@microsoft/applicationinsights-core-js": "2.5.8",
        "@microsoft/applicationinsights-shims": "1.0.1",
        "@microsoft/dynamicproto-js": "^1.0.0"
      }
    },
    "@microsoft/applicationinsights-channel-js": {
      "version": "2.5.8",
      "resolved": "https://registry.npmjs.org/@microsoft/applicationinsights-channel-js/-/applicationinsights-channel-js-2.5.8.tgz",
      "integrity": "sha512-etVGzhNluflTikOpW9dlDxdg+B+8gt/nxmGeXqti9Hsqq0fTxcY9bmNklFIEKhOIwai4DodgJjflaDdgR0ObUQ==",
      "requires": {
        "@microsoft/applicationinsights-common": "2.5.8",
        "@microsoft/applicationinsights-core-js": "2.5.8",
        "@microsoft/applicationinsights-shims": "1.0.1",
        "@microsoft/dynamicproto-js": "^1.0.0"
      }
    },
    "@microsoft/applicationinsights-common": {
      "version": "2.5.8",
      "resolved": "https://registry.npmjs.org/@microsoft/applicationinsights-common/-/applicationinsights-common-2.5.8.tgz",
      "integrity": "sha512-RIMAJTsF0H5wiRZxYIF9H8sbMe2W5Ig4yMuH0/lho69DcNZpHf8p6PSa4Qhhli0AnoWYfLE7/WlWO1eR5SkByw==",
      "requires": {
        "@microsoft/applicationinsights-core-js": "2.5.8",
        "@microsoft/applicationinsights-shims": "1.0.1"
      }
    },
    "@microsoft/applicationinsights-core-js": {
      "version": "2.5.8",
      "resolved": "https://registry.npmjs.org/@microsoft/applicationinsights-core-js/-/applicationinsights-core-js-2.5.8.tgz",
      "integrity": "sha512-NxxIViHKuqgpla+KdQk7Qy48Dm8lN4oy2mMEpv9kM5GW5MBJ8nZ4A5RV1kokF3kXuDmTUTHlWBXeLR8hauA3qQ==",
      "requires": {
        "@microsoft/applicationinsights-shims": "1.0.1",
        "@microsoft/dynamicproto-js": "^1.0.0"
      }
    },
    "@microsoft/applicationinsights-dependencies-js": {
      "version": "2.5.8",
      "resolved": "https://registry.npmjs.org/@microsoft/applicationinsights-dependencies-js/-/applicationinsights-dependencies-js-2.5.8.tgz",
      "integrity": "sha512-jnXpjE/bnlLeew78OsN8aPTLOPZQJ4y1MOO8R3E+eUXdproD2TemynSk5kUfrMdry91DZOBZnrmJ2NCB+g5ArQ==",
      "requires": {
        "@microsoft/applicationinsights-common": "2.5.8",
        "@microsoft/applicationinsights-core-js": "2.5.8",
        "@microsoft/applicationinsights-shims": "1.0.1",
        "@microsoft/dynamicproto-js": "^1.0.0"
      }
    },
    "@microsoft/applicationinsights-properties-js": {
      "version": "2.5.8",
      "resolved": "https://registry.npmjs.org/@microsoft/applicationinsights-properties-js/-/applicationinsights-properties-js-2.5.8.tgz",
      "integrity": "sha512-BAOSguXe07ua6SqYmAW+8+vVvBZb4qmmUP6s5zc7kNMMgEoEGsCn2VHmM8wHHxq4J/TmYxIqwoufS+XKbUvCeQ==",
      "requires": {
        "@microsoft/applicationinsights-common": "2.5.8",
        "@microsoft/applicationinsights-core-js": "2.5.8",
        "@microsoft/applicationinsights-shims": "1.0.1"
      }
    },
    "@microsoft/applicationinsights-shims": {
      "version": "1.0.1",
      "resolved": "https://registry.npmjs.org/@microsoft/applicationinsights-shims/-/applicationinsights-shims-1.0.1.tgz",
      "integrity": "sha512-nPjUBSpvX5Dnkovp2lZzrg0/uSvYNtbAclWwVP7t8J1hy5OJ3xr3KPNaz79+b84G16Rj861ybau9Gbk7inXkTg=="
    },
    "@microsoft/applicationinsights-web": {
      "version": "2.5.8",
      "resolved": "https://registry.npmjs.org/@microsoft/applicationinsights-web/-/applicationinsights-web-2.5.8.tgz",
      "integrity": "sha512-ZxCUkBJrCFNHa0LgWWbtwqu4TxJPlukuSvDrdLv6XV1yX2ETq6Q1kw/IUEtKhbtNbTZQ8aJ+x8Nc/iqbssdXTA==",
      "requires": {
        "@microsoft/applicationinsights-analytics-js": "2.5.8",
        "@microsoft/applicationinsights-channel-js": "2.5.8",
        "@microsoft/applicationinsights-common": "2.5.8",
        "@microsoft/applicationinsights-core-js": "2.5.8",
        "@microsoft/applicationinsights-dependencies-js": "2.5.8",
        "@microsoft/applicationinsights-properties-js": "2.5.8",
        "@microsoft/applicationinsights-shims": "1.0.1",
        "@microsoft/dynamicproto-js": "^1.0.0"
      }
    },
    "@microsoft/dynamicproto-js": {
      "version": "1.0.1",
      "resolved": "https://registry.npmjs.org/@microsoft/dynamicproto-js/-/dynamicproto-js-1.0.1.tgz",
      "integrity": "sha512-DtPhZp0JudlBsS8dYAOU+EE/PITj8x+lA6jiWd+z5dxPpElP4obTMpoi6+NXEK585jWE8IfkbUqKXjRNJYX0Wg=="
    },
    "@microsoft/office-js": {
      "version": "1.1.43",
      "resolved": "https://registry.npmjs.org/@microsoft/office-js/-/office-js-1.1.43.tgz",
      "integrity": "sha512-h2OVUEmageOX/VYtgO3AFLxelJp9fNviHK9cZv+EwYPq3ANsXU1GNT9pnBwjwI/b+oE5Civdk7UbFj7Up+Dx/w=="
    },
    "@types/jquery": {
      "version": "3.5.2",
      "resolved": "https://registry.npmjs.org/@types/jquery/-/jquery-3.5.2.tgz",
      "integrity": "sha512-+MFOdKF5Zr41t3y2wfzJvK1PrUK0KtPLAFwYownp/0nCoMIANDDu5aFSpWfb8S0ZajCSNeaBnMrBGxksXK5yeg==",
      "requires": {
        "@types/sizzle": "*"
      }
    },
    "@types/office-js": {
      "version": "1.0.142",
      "resolved": "https://registry.npmjs.org/@types/office-js/-/office-js-1.0.142.tgz",
      "integrity": "sha512-u+stcdjoVmec2rUuwTl5BUY3mX6Gf+G2Q4tjeUAIdREm97lofItQTnOUK7CUWhiI0q35FBOgG4Rk73SGqty50A==",
      "dev": true
    },
    "@types/sizzle": {
      "version": "2.3.2",
      "resolved": "https://registry.npmjs.org/@types/sizzle/-/sizzle-2.3.2.tgz",
      "integrity": "sha512-7EJYyKTL7tFR8+gDbB6Wwz/arpGa0Mywk1TJbNzKzHtzbwVmY4HR9WqS5VV7dsBUKQmPNr192jHr/VpBluj/hg=="
    },
    "codepage": {
      "version": "1.14.0",
      "resolved": "https://registry.npmjs.org/codepage/-/codepage-1.14.0.tgz",
      "integrity": "sha1-jL4lSBMjVZ19MHVxsP/5HnodL5k=",
      "requires": {
        "commander": "~2.14.1",
        "exit-on-epipe": "~1.0.1"
      }
    },
    "commander": {
      "version": "2.14.1",
      "resolved": "https://registry.npmjs.org/commander/-/commander-2.14.1.tgz",
      "integrity": "sha512-+YR16o3rK53SmWHU3rEM3tPAh2rwb1yPcQX5irVn7mb0gXbwuCCrnkbV5+PBfETdfg1vui07nM6PCG1zndcjQw=="
    },
    "dom7": {
      "version": "2.1.5",
      "resolved": "https://registry.npmjs.org/dom7/-/dom7-2.1.5.tgz",
      "integrity": "sha512-xnhwVgyOh3eD++/XGtH+5qBwYTgCm0aW91GFgPJ3XG+jlsRLyJivnbP0QmUBFhI+Oaz9FV0s7cxgXHezwOEBYA==",
      "requires": {
        "ssr-window": "^2.0.0"
      }
    },
    "error-stack-parser": {
      "version": "2.0.6",
      "resolved": "https://registry.npmjs.org/error-stack-parser/-/error-stack-parser-2.0.6.tgz",
      "integrity": "sha512-d51brTeqC+BHlwF0BhPtcYgF5nlzf9ZZ0ZIUQNZpc9ZB9qw5IJ2diTrBY9jlCJkTLITYPjmiX6OWCwH+fuyNgQ==",
      "requires": {
        "stackframe": "^1.1.1"
      }
    },
    "exit-on-epipe": {
      "version": "1.0.1",
      "resolved": "https://registry.npmjs.org/exit-on-epipe/-/exit-on-epipe-1.0.1.tgz",
      "integrity": "sha512-h2z5mrROTxce56S+pnvAV890uu7ls7f1kEvVGJbw1OlFH3/mlJ5bkXu0KRyW94v37zzHPiUd55iLn3DA7TjWpw=="
    },
    "framework7": {
      "version": "5.7.12",
      "resolved": "https://registry.npmjs.org/framework7/-/framework7-5.7.12.tgz",
      "integrity": "sha512-LCRvun2cvx32dIUbYoSOelP+z0K9L9ffbA82oq8/lYi/hNRqYCda2BlBEBdhkx1PUNTSOnt9TcUwAxD6rjdNFQ==",
      "requires": {
        "dom7": "^2.1.5",
        "path-to-regexp": "^6.1.0",
        "ssr-window": "^2.0.0",
        "template7": "^1.4.2"
      }
    },
    "framework7-icons": {
      "version": "3.0.1",
      "resolved": "https://registry.npmjs.org/framework7-icons/-/framework7-icons-3.0.1.tgz",
      "integrity": "sha512-nb+4T//4gyWHUE85szKUm2JlMe/yA1ACW73qzF1EI76r2vkeaKOQ36P8/nwrmUQ2bKyojGQ2gVF0ar7XkaKiog=="
    },
    "jquery": {
      "version": "3.5.1",
      "resolved": "https://registry.npmjs.org/jquery/-/jquery-3.5.1.tgz",
      "integrity": "sha512-XwIBPqcMn57FxfT+Go5pzySnm4KWkT1Tv7gjrpT1srtf8Weynl6R273VJ5GjkRb51IzMp5nbaPjJXMWeju2MKg=="
    },
    "jwt-decode": {
      "version": "3.0.0",
      "resolved": "https://registry.npmjs.org/jwt-decode/-/jwt-decode-3.0.0.tgz",
      "integrity": "sha512-RBQv2MTm3FNKQkdzhEyQwh5MbdNgMa+FyIJIK5RMWEn6hRgRHr7j55cRxGhRe6vGJDElyi6f6u/yfkP7AoXddA=="
    },
    "moment": {
      "version": "2.29.1",
      "resolved": "https://registry.npmjs.org/moment/-/moment-2.29.1.tgz",
      "integrity": "sha512-kHmoybcPV8Sqy59DwNDY3Jefr64lK/by/da0ViFcuA4DH0vQg5Q6Ze5VimxkfQNSC+Mls/Kx53s7TjP1RhFEDQ=="
    },
    "office-ui-fabric-core": {
      "version": "5.0.1",
      "resolved": "https://registry.npmjs.org/office-ui-fabric-core/-/office-ui-fabric-core-5.0.1.tgz",
      "integrity": "sha1-9vJ+t5POymI2ZBmHe3OXDeSEHlI="
    },
    "office-ui-fabric-js": {
      "version": "1.5.0",
      "resolved": "https://registry.npmjs.org/office-ui-fabric-js/-/office-ui-fabric-js-1.5.0.tgz",
      "integrity": "sha1-13t3j3mmF4+EPddX5GOa4FcJ00A=",
      "requires": {
        "office-ui-fabric-core": "5.0.1"
      }
    },
    "path-to-regexp": {
      "version": "6.2.0",
      "resolved": "https://registry.npmjs.org/path-to-regexp/-/path-to-regexp-6.2.0.tgz",
      "integrity": "sha512-f66KywYG6+43afgE/8j/GoiNyygk/bnoCbps++3ErRKsIYkGGupyv07R2Ok5m9i67Iqc+T2g1eAUGUPzWhYTyg=="
    },
    "requirejs": {
      "version": "2.3.6",
      "resolved": "https://registry.npmjs.org/requirejs/-/requirejs-2.3.6.tgz",
      "integrity": "sha512-ipEzlWQe6RK3jkzikgCupiTbTvm4S0/CAU5GlgptkN5SO6F3u0UD0K18wy6ErDqiCyP4J4YYe1HuAShvsxePLg=="
    },
    "source-map": {
      "version": "0.5.6",
      "resolved": "https://registry.npmjs.org/source-map/-/source-map-0.5.6.tgz",
      "integrity": "sha1-dc449SvwczxafwwRjYEzSiu19BI="
    },
    "ssr-window": {
      "version": "2.0.0",
      "resolved": "https://registry.npmjs.org/ssr-window/-/ssr-window-2.0.0.tgz",
      "integrity": "sha512-NXzN+/HPObKAx191H3zKlYomE5WrVIkoCB5IaSdvKokxTpjBdWfr0RaP+1Z5KOfDT0ZVz+2tdtiBkhsEQ9p+0A=="
    },
    "stack-generator": {
      "version": "2.0.5",
      "resolved": "https://registry.npmjs.org/stack-generator/-/stack-generator-2.0.5.tgz",
      "integrity": "sha512-/t1ebrbHkrLrDuNMdeAcsvynWgoH/i4o8EGGfX7dEYDoTXOYVAkEpFdtshlvabzc6JlJ8Kf9YdFEoz7JkzGN9Q==",
      "requires": {
        "stackframe": "^1.1.1"
      }
    },
    "stackframe": {
      "version": "1.2.0",
      "resolved": "https://registry.npmjs.org/stackframe/-/stackframe-1.2.0.tgz",
      "integrity": "sha512-GrdeshiRmS1YLMYgzF16olf2jJ/IzxXY9lhKOskuVziubpTYcYqyOwYeJKzQkwy7uN0fYSsbsC4RQaXf9LCrYA=="
    },
    "stacktrace-gps": {
      "version": "3.0.4",
      "resolved": "https://registry.npmjs.org/stacktrace-gps/-/stacktrace-gps-3.0.4.tgz",
      "integrity": "sha512-qIr8x41yZVSldqdqe6jciXEaSCKw1U8XTXpjDuy0ki/apyTn/r3w9hDAAQOhZdxvsC93H+WwwEu5cq5VemzYeg==",
      "requires": {
        "source-map": "0.5.6",
        "stackframe": "^1.1.1"
      }
    },
    "stacktrace-js": {
      "version": "2.0.2",
      "resolved": "https://registry.npmjs.org/stacktrace-js/-/stacktrace-js-2.0.2.tgz",
      "integrity": "sha512-Je5vBeY4S1r/RnLydLl0TBTi3F2qdfWmYsGvtfZgEI+SCprPppaIhQf5nGcal4gI4cGpCV/duLcAzT1np6sQqg==",
      "requires": {
        "error-stack-parser": "^2.0.6",
        "stack-generator": "^2.0.5",
        "stacktrace-gps": "^3.0.4"
      }
    },
    "template7": {
      "version": "1.4.2",
      "resolved": "https://registry.npmjs.org/template7/-/template7-1.4.2.tgz",
      "integrity": "sha512-eoKnScBMDk7lyj7+iCzKbxGiSLLlQk0DNvmclyJuMCUKxy9JrFuAB+GD5iplF4WiQPtMdI06CHHks3avL22JXA=="
    },
    "typescript": {
      "version": "4.0.3",
      "resolved": "https://registry.npmjs.org/typescript/-/typescript-4.0.3.tgz",
      "integrity": "sha512-tEu6DGxGgRJPb/mVPIZ48e69xCn2yRmCgYmDugAVwmJ6o+0u1RI18eO7E7WBTLYLaEVVOhwQmcdhQHweux/WPg=="
    },
    "uglify-js": {
      "version": "3.11.1",
      "resolved": "https://registry.npmjs.org/uglify-js/-/uglify-js-3.11.1.tgz",
      "integrity": "sha512-OApPSuJcxcnewwjSGGfWOjx3oix5XpmrK9Z2j0fTRlHGoZ49IU6kExfZTM0++fCArOOCet+vIfWwFHbvWqwp6g=="
    }
  }
}
