{
  "name": "mha",
  "version": "1.0.0",
  "lockfileVersion": 1,
  "requires": true,
  "dependencies": {
    "@microsoft/office-js": {
      "version": "1.1.71",
      "resolved": "https://registry.npmjs.org/@microsoft/office-js/-/office-js-1.1.71.tgz",
      "integrity": "sha512-q7cCarzyoNMa36TaUqvqm7ssgEgf9Ldeeyv/0yt/Jh+oYEQvTaQDP1a6BBVe8K+z74f7vLNlFjMjF9MErc0Vvg=="
    },
    "@types/jquery": {
      "version": "3.5.6",
      "resolved": "https://registry.npmjs.org/@types/jquery/-/jquery-3.5.6.tgz",
      "integrity": "sha512-SmgCQRzGPId4MZQKDj9Hqc6kSXFNWZFHpELkyK8AQhf8Zr6HKfCzFv9ZC1Fv3FyQttJZOlap3qYb12h61iZAIg==",
      "requires": {
        "@types/sizzle": "*"
      }
    },
    "@types/sizzle": {
      "version": "2.3.3",
      "resolved": "https://registry.npmjs.org/@types/sizzle/-/sizzle-2.3.3.tgz",
      "integrity": "sha512-JYM8x9EGF163bEyhdJBpR2QX1R5naCJHC8ucJylJ3w9/CVBaskdQ8WqBf8MmQrd1kRvp/a4TS8HJ+bxzR7ZJYQ=="
    },
    "codepage": {
      "version": "1.14.0",
      "resolved": "https://registry.npmjs.org/codepage/-/codepage-1.14.0.tgz",
      "integrity": "sha1-jL4lSBMjVZ19MHVxsP/5HnodL5k=",
      "requires": {
        "commander": "~2.14.1",
        "exit-on-epipe": "~1.0.1"
      }
    },
    "commander": {
      "version": "2.14.1",
      "resolved": "https://registry.npmjs.org/commander/-/commander-2.14.1.tgz",
      "integrity": "sha512-+YR16o3rK53SmWHU3rEM3tPAh2rwb1yPcQX5irVn7mb0gXbwuCCrnkbV5+PBfETdfg1vui07nM6PCG1zndcjQw=="
    },
    "error-stack-parser": {
      "version": "2.0.6",
      "resolved": "https://registry.npmjs.org/error-stack-parser/-/error-stack-parser-2.0.6.tgz",
      "integrity": "sha512-d51brTeqC+BHlwF0BhPtcYgF5nlzf9ZZ0ZIUQNZpc9ZB9qw5IJ2diTrBY9jlCJkTLITYPjmiX6OWCwH+fuyNgQ==",
      "requires": {
        "stackframe": "^1.1.1"
      }
    },
    "exit-on-epipe": {
      "version": "1.0.1",
      "resolved": "https://registry.npmjs.org/exit-on-epipe/-/exit-on-epipe-1.0.1.tgz",
      "integrity": "sha512-h2z5mrROTxce56S+pnvAV890uu7ls7f1kEvVGJbw1OlFH3/mlJ5bkXu0KRyW94v37zzHPiUd55iLn3DA7TjWpw=="
    },
    "framework7-icons": {
      "version": "5.0.3",
      "resolved": "https://registry.npmjs.org/framework7-icons/-/framework7-icons-5.0.3.tgz",
      "integrity": "sha512-Mt9SLdbG/b2UZUzREqcl6zEy6REsW8Rz7L66QuBGVpQEtyBZIDxYa4c5AXCdY3HEAhlyjg8xKQOi4/NyIHuIgQ=="
    },
    "jquery": {
      "version": "3.6.0",
      "resolved": "https://registry.npmjs.org/jquery/-/jquery-3.6.0.tgz",
      "integrity": "sha512-JVzAR/AjBvVt2BmYhxRCSYysDsPcssdmTFnzyLEts9qNwmjmu4JTAMYubEfwVOSwpQ1I1sKKFcxhZCI2buerfw=="
    },
    "jwt-decode": {
      "version": "3.1.2",
      "resolved": "https://registry.npmjs.org/jwt-decode/-/jwt-decode-3.1.2.tgz",
      "integrity": "sha512-UfpWE/VZn0iP50d8cz9NrZLM9lSWhcJ+0Gt/nm4by88UL+J1SiKN8/5dkjMmbEzwL2CAe+67GsegCbIKtbp75A=="
    },
    "moment": {
      "version": "2.29.1",
      "resolved": "https://registry.npmjs.org/moment/-/moment-2.29.1.tgz",
      "integrity": "sha512-kHmoybcPV8Sqy59DwNDY3Jefr64lK/by/da0ViFcuA4DH0vQg5Q6Ze5VimxkfQNSC+Mls/Kx53s7TjP1RhFEDQ=="
    },
    "office-ui-fabric-core": {
      "version": "5.0.1",
      "resolved": "https://registry.npmjs.org/office-ui-fabric-core/-/office-ui-fabric-core-5.0.1.tgz",
      "integrity": "sha1-9vJ+t5POymI2ZBmHe3OXDeSEHlI="
    },
    "office-ui-fabric-js": {
      "version": "1.5.0",
      "resolved": "https://registry.npmjs.org/office-ui-fabric-js/-/office-ui-fabric-js-1.5.0.tgz",
      "integrity": "sha1-13t3j3mmF4+EPddX5GOa4FcJ00A=",
      "requires": {
        "office-ui-fabric-core": "5.0.1"
      }
    },
    "source-map": {
      "version": "0.5.6",
      "resolved": "https://registry.npmjs.org/source-map/-/source-map-0.5.6.tgz",
      "integrity": "sha1-dc449SvwczxafwwRjYEzSiu19BI="
    },
    "stack-generator": {
      "version": "2.0.5",
      "resolved": "https://registry.npmjs.org/stack-generator/-/stack-generator-2.0.5.tgz",
      "integrity": "sha512-/t1ebrbHkrLrDuNMdeAcsvynWgoH/i4o8EGGfX7dEYDoTXOYVAkEpFdtshlvabzc6JlJ8Kf9YdFEoz7JkzGN9Q==",
      "requires": {
        "stackframe": "^1.1.1"
      }
    },
    "stackframe": {
      "version": "1.2.0",
      "resolved": "https://registry.npmjs.org/stackframe/-/stackframe-1.2.0.tgz",
      "integrity": "sha512-GrdeshiRmS1YLMYgzF16olf2jJ/IzxXY9lhKOskuVziubpTYcYqyOwYeJKzQkwy7uN0fYSsbsC4RQaXf9LCrYA=="
    },
    "stacktrace-gps": {
      "version": "3.0.4",
      "resolved": "https://registry.npmjs.org/stacktrace-gps/-/stacktrace-gps-3.0.4.tgz",
      "integrity": "sha512-qIr8x41yZVSldqdqe6jciXEaSCKw1U8XTXpjDuy0ki/apyTn/r3w9hDAAQOhZdxvsC93H+WwwEu5cq5VemzYeg==",
      "requires": {
        "source-map": "0.5.6",
        "stackframe": "^1.1.1"
      }
    },
    "stacktrace-js": {
      "version": "2.0.2",
      "resolved": "https://registry.npmjs.org/stacktrace-js/-/stacktrace-js-2.0.2.tgz",
      "integrity": "sha512-Je5vBeY4S1r/RnLydLl0TBTi3F2qdfWmYsGvtfZgEI+SCprPppaIhQf5nGcal4gI4cGpCV/duLcAzT1np6sQqg==",
      "requires": {
        "error-stack-parser": "^2.0.6",
        "stack-generator": "^2.0.5",
        "stacktrace-gps": "^3.0.4"
      }
    },
    "typescript": {
      "version": "4.3.5",
      "resolved": "https://registry.npmjs.org/typescript/-/typescript-4.3.5.tgz",
      "integrity": "sha512-DqQgihaQ9cUrskJo9kIyW/+g0Vxsk8cDtZ52a3NGh0YNTfpUSArXSohyUGnvbPazEPLu398C0UxmKSOrPumUzA=="
    },
    "uglify-js": {
      "version": "3.15.1",
      "resolved": "https://registry.npmjs.org/uglify-js/-/uglify-js-3.15.1.tgz",
      "integrity": "sha512-FAGKF12fWdkpvNJZENacOH0e/83eG6JyVQyanIJaBXCN1J11TUQv1T1/z8S+Z0CG0ZPk1nPcreF/c7lrTd0TEQ=="
    }
  }
}
