{
  "name": "mha",
  "version": "1.0.0",
  "lockfileVersion": 1,
  "requires": true,
  "dependencies": {
    "@microsoft/office-js": {
      "version": "1.1.36",
      "resolved": "https://registry.npmjs.org/@microsoft/office-js/-/office-js-1.1.36.tgz",
      "integrity": "sha512-MUT0ABa7Iw5AU6/WspaB45gTv+ThZNRKOJ9IQiHWQBDfmnCyauaVjiVDdGZiahSvCWfYaQCIS9Z6w/SUfJtvtA=="
    },
    "codepage": {
      "version": "1.14.0",
      "resolved": "https://registry.npmjs.org/codepage/-/codepage-1.14.0.tgz",
      "integrity": "sha1-jL4lSBMjVZ19MHVxsP/5HnodL5k=",
      "requires": {
        "commander": "~2.14.1",
        "exit-on-epipe": "~1.0.1"
      }
    },
    "commander": {
      "version": "2.14.1",
      "resolved": "https://registry.npmjs.org/commander/-/commander-2.14.1.tgz",
      "integrity": "sha512-+YR16o3rK53SmWHU3rEM3tPAh2rwb1yPcQX5irVn7mb0gXbwuCCrnkbV5+PBfETdfg1vui07nM6PCG1zndcjQw=="
    },
    "error-stack-parser": {
      "version": "2.0.4",
      "resolved": "https://registry.npmjs.org/error-stack-parser/-/error-stack-parser-2.0.4.tgz",
      "integrity": "sha512-fZ0KkoxSjLFmhW5lHbUT3tLwy3nX1qEzMYo8koY1vrsAco53CMT1djnBSeC/wUjTEZRhZl9iRw7PaMaxfJ4wzQ==",
      "requires": {
        "stackframe": "^1.1.0"
      }
    },
    "exit-on-epipe": {
      "version": "1.0.1",
      "resolved": "https://registry.npmjs.org/exit-on-epipe/-/exit-on-epipe-1.0.1.tgz",
      "integrity": "sha1-C92S6H1ShdJn2qgXHQ6wYVlolpI="
    },
    "framework7-icons": {
      "version": "2.3.1",
      "resolved": "https://registry.npmjs.org/framework7-icons/-/framework7-icons-2.3.1.tgz",
      "integrity": "sha512-qwXpXBF75/HUCS+XVPZLv4gcRI9ccve4d+r0QS19aU7BvlMj/MTM2gR8na+Q03Q4y1z8oyNoloi1+drxlttbzA=="
    },
    "jquery": {
      "version": "3.4.1",
      "resolved": "https://registry.npmjs.org/jquery/-/jquery-3.4.1.tgz",
      "integrity": "sha512-36+AdBzCL+y6qjw5Tx7HgzeGCzC81MDDgaUP8ld2zhx58HdqXGoBd+tHdrBMiyjGQs0Hxs/MLZTu/eHNJJuWPw=="
    },
    "jwt-decode": {
      "version": "2.2.0",
      "resolved": "https://registry.npmjs.org/jwt-decode/-/jwt-decode-2.2.0.tgz",
      "integrity": "sha1-fYa9VmefWM5qhHBKZX3TkruoGnk="
    },
    "office-ui-fabric-core": {
      "version": "5.0.1",
      "resolved": "https://registry.npmjs.org/office-ui-fabric-core/-/office-ui-fabric-core-5.0.1.tgz",
      "integrity": "sha1-9vJ+t5POymI2ZBmHe3OXDeSEHlI="
    },
    "office-ui-fabric-js": {
      "version": "1.5.0",
      "resolved": "https://registry.npmjs.org/office-ui-fabric-js/-/office-ui-fabric-js-1.5.0.tgz",
      "integrity": "sha1-13t3j3mmF4+EPddX5GOa4FcJ00A=",
      "requires": {
        "office-ui-fabric-core": "5.0.1"
      }
    },
    "source-map": {
      "version": "0.5.6",
      "resolved": "https://registry.npmjs.org/source-map/-/source-map-0.5.6.tgz",
      "integrity": "sha1-dc449SvwczxafwwRjYEzSiu19BI="
    },
    "stack-generator": {
      "version": "2.0.4",
      "resolved": "https://registry.npmjs.org/stack-generator/-/stack-generator-2.0.4.tgz",
      "integrity": "sha512-ha1gosTNcgxwzo9uKTQ8zZ49aUp5FIUW58YHFxCqaAHtE0XqBg0chGFYA1MfmW//x1KWq3F4G7Ug7bJh4RiRtg==",
      "requires": {
        "stackframe": "^1.1.0"
      }
    },
    "stackframe": {
      "version": "1.1.0",
      "resolved": "https://registry.npmjs.org/stackframe/-/stackframe-1.1.0.tgz",
      "integrity": "sha512-Vx6W1Yvy+AM1R/ckVwcHQHV147pTPBKWCRLrXMuPrFVfvBUc3os7PR1QLIWCMhPpRg5eX9ojzbQIMLGBwyLjqg=="
    },
    "stacktrace-gps": {
      "version": "3.0.3",
      "resolved": "https://registry.npmjs.org/stacktrace-gps/-/stacktrace-gps-3.0.3.tgz",
      "integrity": "sha512-51Rr7dXkyFUKNmhY/vqZWK+EvdsfFSRiQVtgHTFlAdNIYaDD7bVh21yBHXaNWAvTD+w+QSjxHg7/v6Tz4veExA==",
      "requires": {
        "source-map": "0.5.6",
        "stackframe": "^1.1.0"
      }
    },
    "stacktrace-js": {
      "version": "2.0.1",
      "resolved": "https://registry.npmjs.org/stacktrace-js/-/stacktrace-js-2.0.1.tgz",
      "integrity": "sha512-13oDNgBSeWtdGa4/2BycNyKqe+VktCoJ8VLx4pDoJkwGGJVtiHdfMOAj3aW9xTi8oR2v34z9IcvfCvT6XNdNAw==",
      "requires": {
        "error-stack-parser": "^2.0.4",
        "stack-generator": "^2.0.4",
        "stacktrace-gps": "^3.0.3"
      }
    },
    "uglify-js": {
      "version": "3.7.2",
      "resolved": "https://registry.npmjs.org/uglify-js/-/uglify-js-3.7.2.tgz",
      "integrity": "sha512-uhRwZcANNWVLrxLfNFEdltoPNhECUR3lc+UdJoG9CBpMcSnKyWA94tc3eAujB1GcMY5Uwq8ZMp4qWpxWYDQmaA==",
      "requires": {
        "commander": "~2.20.3",
        "source-map": "~0.6.1"
      },
      "dependencies": {
        "commander": {
          "version": "2.20.3",
          "resolved": "https://registry.npmjs.org/commander/-/commander-2.20.3.tgz",
          "integrity": "sha512-GpVkmM8vF2vQUkj2LvZmD35JxeJOLCwJ9cUkugyk2nuhbv3+mJvpLYYt+0+USMxE+oj+ey/lJEnhZw75x/OMcQ=="
        },
        "source-map": {
          "version": "0.6.1",
          "resolved": "https://registry.npmjs.org/source-map/-/source-map-0.6.1.tgz",
          "integrity": "sha512-UjgapumWlbMhkBgzT7Ykc5YXUT46F0iKu8SGXq0bcwP5dz/h0Plj6enJqjz1Zbq2l5WaqYnrVbwWOWMyF3F47g=="
        }
      }
    }
  }
}
